
Microsoft Visual Studio Solution File, Format Version 12.00
# Visual Studio Version 16
VisualStudioVersion = 16.0.33130.400
MinimumVisualStudioVersion = 10.0.40219.1
Project("{FAE04EC0-301F-11D3-BF4B-00C04F79EFBC}") = "Mission04_ma495", "Mission04_ma495\Mission04_ma495.csproj", "{9891FE45-5C1A-457A-AC23-07F5ADA99F91}"
EndProject
Global
	GlobalSection(SolutionConfigurationPlatforms) = preSolution
		Debug|Any CPU = Debug|Any CPU
		Release|Any CPU = Release|Any CPU
	EndGlobalSection
	GlobalSection(ProjectConfigurationPlatforms) = postSolution
		{9891FE45-5C1A-457A-AC23-07F5ADA99F91}.Debug|Any CPU.ActiveCfg = Debug|Any CPU
		{9891FE45-5C1A-457A-AC23-07F5ADA99F91}.Debug|Any CPU.Build.0 = Debug|Any CPU
		{9891FE45-5C1A-457A-AC23-07F5ADA99F91}.Release|Any CPU.ActiveCfg = Release|Any CPU
		{9891FE45-5C1A-457A-AC23-07F5ADA99F91}.Release|Any CPU.Build.0 = Release|Any CPU
	EndGlobalSection
	GlobalSection(SolutionProperties) = preSolution
		HideSolutionNode = FALSE
	EndGlobalSection
	GlobalSection(ExtensibilityGlobals) = postSolution
		SolutionGuid = {38188A3C-33A9-4204-8B9F-3F8CC9D9B734}
	EndGlobalSection
EndGlobal
